// !$*UTF8*$!
{
	archiveVersion = 1;
	classes = {
	};
	objectVersion = 46;
	objects = {

/* Begin PBXBuildFile section */
		69302A9B1FA4B5FD00A8458D /* libsfml-audio.2.4.2.dylib in Frameworks */ = {isa = PBXBuildFile; fileRef = 69302A9A1FA4B5FD00A8458D /* libsfml-audio.2.4.2.dylib */; };
		69302A9D1FA4B60D00A8458D /* libsfml-graphics.2.4.2.dylib in Frameworks */ = {isa = PBXBuildFile; fileRef = 69302A9C1FA4B60D00A8458D /* libsfml-graphics.2.4.2.dylib */; };
		69302A9F1FA4B61600A8458D /* libsfml-network.2.4.2.dylib in Frameworks */ = {isa = PBXBuildFile; fileRef = 69302A9E1FA4B61600A8458D /* libsfml-network.2.4.2.dylib */; };
		69302AA11FA4B62800A8458D /* libsfml-system.2.4.2.dylib in Frameworks */ = {isa = PBXBuildFile; fileRef = 69302AA01FA4B62800A8458D /* libsfml-system.2.4.2.dylib */; };
		69302AA31FA4B63000A8458D /* libsfml-window.2.4.2.dylib in Frameworks */ = {isa = PBXBuildFile; fileRef = 69302AA21FA4B63000A8458D /* libsfml-window.2.4.2.dylib */; };
		69735C8C1F9A3A7A00A94F91 /* main.cpp in Sources */ = {isa = PBXBuildFile; fileRef = 69735C8B1F9A3A7A00A94F91 /* main.cpp */; };
/* End PBXBuildFile section */

/* Begin PBXCopyFilesBuildPhase section */
		69735C861F9A3A7A00A94F91 /* CopyFiles */ = {
			isa = PBXCopyFilesBuildPhase;
			buildActionMask = 2147483647;
			dstPath = /usr/share/man/man1/;
			dstSubfolderSpec = 0;
			files = (
			);
			runOnlyForDeploymentPostprocessing = 1;
		};
/* End PBXCopyFilesBuildPhase section */

/* Begin PBXFileReference section */
		69302A9A1FA4B5FD00A8458D /* libsfml-audio.2.4.2.dylib */ = {isa = PBXFileReference; lastKnownFileType = "compiled.mach-o.dylib"; name = "libsfml-audio.2.4.2.dylib"; path = "../SFML/lib/libsfml-audio.2.4.2.dylib"; sourceTree = "<group>"; };
		69302A9C1FA4B60D00A8458D /* libsfml-graphics.2.4.2.dylib */ = {isa = PBXFileReference; lastKnownFileType = "compiled.mach-o.dylib"; name = "libsfml-graphics.2.4.2.dylib"; path = "../SFML/lib/libsfml-graphics.2.4.2.dylib"; sourceTree = "<group>"; };
		69302A9E1FA4B61600A8458D /* libsfml-network.2.4.2.dylib */ = {isa = PBXFileReference; lastKnownFileType = "compiled.mach-o.dylib"; name = "libsfml-network.2.4.2.dylib"; path = "../SFML/lib/libsfml-network.2.4.2.dylib"; sourceTree = "<group>"; };
		69302AA01FA4B62800A8458D /* libsfml-system.2.4.2.dylib */ = {isa = PBXFileReference; lastKnownFileType = "compiled.mach-o.dylib"; name = "libsfml-system.2.4.2.dylib"; path = "../SFML/lib/libsfml-system.2.4.2.dylib"; sourceTree = "<group>"; };
		69302AA21FA4B63000A8458D /* libsfml-window.2.4.2.dylib */ = {isa = PBXFileReference; lastKnownFileType = "compiled.mach-o.dylib"; name = "libsfml-window.2.4.2.dylib"; path = "../SFML/lib/libsfml-window.2.4.2.dylib"; sourceTree = "<group>"; };
		69735C881F9A3A7A00A94F91 /* GameOfLife */ = {isa = PBXFileReference; explicitFileType = "compiled.mach-o.executable"; includeInIndex = 0; path = GameOfLife; sourceTree = BUILT_PRODUCTS_DIR; };
		69735C8B1F9A3A7A00A94F91 /* main.cpp */ = {isa = PBXFileReference; lastKnownFileType = sourcecode.cpp.cpp; path = main.cpp; sourceTree = "<group>"; };
		69735C931F9A3B9400A94F91 /* libsfml-audio.2.4.2.dylib */ = {isa = PBXFileReference; lastKnownFileType = "compiled.mach-o.dylib"; name = "libsfml-audio.2.4.2.dylib"; path = "ExternalLibs/SFML/lib/libsfml-audio.2.4.2.dylib"; sourceTree = "<group>"; };
		69735C941F9A3B9400A94F91 /* libsfml-graphics.2.4.2.dylib */ = {isa = PBXFileReference; lastKnownFileType = "compiled.mach-o.dylib"; name = "libsfml-graphics.2.4.2.dylib"; path = "ExternalLibs/SFML/lib/libsfml-graphics.2.4.2.dylib"; sourceTree = "<group>"; };
		69735C951F9A3B9400A94F91 /* libsfml-network.2.4.2.dylib */ = {isa = PBXFileReference; lastKnownFileType = "compiled.mach-o.dylib"; name = "libsfml-network.2.4.2.dylib"; path = "ExternalLibs/SFML/lib/libsfml-network.2.4.2.dylib"; sourceTree = "<group>"; };
		69735C961F9A3B9400A94F91 /* libsfml-system.2.4.2.dylib */ = {isa = PBXFileReference; lastKnownFileType = "compiled.mach-o.dylib"; name = "libsfml-system.2.4.2.dylib"; path = "ExternalLibs/SFML/lib/libsfml-system.2.4.2.dylib"; sourceTree = "<group>"; };
		69735C971F9A3B9400A94F91 /* libsfml-window.2.4.2.dylib */ = {isa = PBXFileReference; lastKnownFileType = "compiled.mach-o.dylib"; name = "libsfml-window.2.4.2.dylib"; path = "ExternalLibs/SFML/lib/libsfml-window.2.4.2.dylib"; sourceTree = "<group>"; };
/* End PBXFileReference section */

/* Begin PBXFrameworksBuildPhase section */
		69735C851F9A3A7A00A94F91 /* Frameworks */ = {
			isa = PBXFrameworksBuildPhase;
			buildActionMask = 2147483647;
			files = (
				69302AA31FA4B63000A8458D /* libsfml-window.2.4.2.dylib in Frameworks */,
				69302AA11FA4B62800A8458D /* libsfml-system.2.4.2.dylib in Frameworks */,
				69302A9F1FA4B61600A8458D /* libsfml-network.2.4.2.dylib in Frameworks */,
				69302A9D1FA4B60D00A8458D /* libsfml-graphics.2.4.2.dylib in Frameworks */,
				69302A9B1FA4B5FD00A8458D /* libsfml-audio.2.4.2.dylib in Frameworks */,
			);
			runOnlyForDeploymentPostprocessing = 0;
		};
/* End PBXFrameworksBuildPhase section */

/* Begin PBXGroup section */
		69735C7F1F9A3A7A00A94F91 = {
			isa = PBXGroup;
			children = (
				69735C8A1F9A3A7A00A94F91 /* GameOfLife */,
				69735C891F9A3A7A00A94F91 /* Products */,
				69735C921F9A3B9400A94F91 /* Frameworks */,
			);
			sourceTree = "<group>";
		};
		69735C891F9A3A7A00A94F91 /* Products */ = {
			isa = PBXGroup;
			children = (
				69735C881F9A3A7A00A94F91 /* GameOfLife */,
			);
			name = Products;
			sourceTree = "<group>";
		};
		69735C8A1F9A3A7A00A94F91 /* GameOfLife */ = {
			isa = PBXGroup;
			children = (
				69735C8B1F9A3A7A00A94F91 /* main.cpp */,
			);
			path = GameOfLife;
			sourceTree = "<group>";
		};
		69735C921F9A3B9400A94F91 /* Frameworks */ = {
			isa = PBXGroup;
			children = (
				69302AA21FA4B63000A8458D /* libsfml-window.2.4.2.dylib */,
				69302AA01FA4B62800A8458D /* libsfml-system.2.4.2.dylib */,
				69302A9E1FA4B61600A8458D /* libsfml-network.2.4.2.dylib */,
				69302A9C1FA4B60D00A8458D /* libsfml-graphics.2.4.2.dylib */,
				69302A9A1FA4B5FD00A8458D /* libsfml-audio.2.4.2.dylib */,
				69735C931F9A3B9400A94F91 /* libsfml-audio.2.4.2.dylib */,
				69735C941F9A3B9400A94F91 /* libsfml-graphics.2.4.2.dylib */,
				69735C951F9A3B9400A94F91 /* libsfml-network.2.4.2.dylib */,
				69735C961F9A3B9400A94F91 /* libsfml-system.2.4.2.dylib */,
				69735C971F9A3B9400A94F91 /* libsfml-window.2.4.2.dylib */,
			);
			name = Frameworks;
			sourceTree = "<group>";
		};
/* End PBXGroup section */

/* Begin PBXNativeTarget section */
		69735C871F9A3A7A00A94F91 /* GameOfLife */ = {
			isa = PBXNativeTarget;
			buildConfigurationList = 69735C8F1F9A3A7A00A94F91 /* Build configuration list for PBXNativeTarget "GameOfLife" */;
			buildPhases = (
				69735C841F9A3A7A00A94F91 /* Sources */,
				69735C851F9A3A7A00A94F91 /* Frameworks */,
				69735C861F9A3A7A00A94F91 /* CopyFiles */,
			);
			buildRules = (
			);
			dependencies = (
			);
			name = GameOfLife;
			productName = GameOfLife;
			productReference = 69735C881F9A3A7A00A94F91 /* GameOfLife */;
			productType = "com.apple.product-type.tool";
		};
/* End PBXNativeTarget section */

/* Begin PBXProject section */
		69735C801F9A3A7A00A94F91 /* Project object */ = {
			isa = PBXProject;
			attributes = {
				LastUpgradeCheck = 0830;
				ORGANIZATIONNAME = "Axel Lindeberg";
				TargetAttributes = {
					69735C871F9A3A7A00A94F91 = {
						CreatedOnToolsVersion = 8.3.2;
						DevelopmentTeam = L64GF8Q5XJ;
						ProvisioningStyle = Automatic;
					};
				};
			};
			buildConfigurationList = 69735C831F9A3A7A00A94F91 /* Build configuration list for PBXProject "GameOfLife" */;
			compatibilityVersion = "Xcode 3.2";
			developmentRegion = English;
			hasScannedForEncodings = 0;
			knownRegions = (
				en,
			);
			mainGroup = 69735C7F1F9A3A7A00A94F91;
			productRefGroup = 69735C891F9A3A7A00A94F91 /* Products */;
			projectDirPath = "";
			projectRoot = "";
			targets = (
				69735C871F9A3A7A00A94F91 /* GameOfLife */,
			);
		};
/* End PBXProject section */

/* Begin PBXSourcesBuildPhase section */
		69735C841F9A3A7A00A94F91 /* Sources */ = {
			isa = PBXSourcesBuildPhase;
			buildActionMask = 2147483647;
			files = (
				69735C8C1F9A3A7A00A94F91 /* main.cpp in Sources */,
			);
			runOnlyForDeploymentPostprocessing = 0;
		};
/* End PBXSourcesBuildPhase section */

/* Begin XCBuildConfiguration section */
		69735C8D1F9A3A7A00A94F91 /* Debug */ = {
			isa = XCBuildConfiguration;
			buildSettings = {
				ALWAYS_SEARCH_USER_PATHS = NO;
				CLANG_ANALYZER_NONNULL = YES;
				CLANG_ANALYZER_NUMBER_OBJECT_CONVERSION = YES_AGGRESSIVE;
				CLANG_CXX_LANGUAGE_STANDARD = "gnu++0x";
				CLANG_CXX_LIBRARY = "libc++";
				CLANG_ENABLE_MODULES = YES;
				CLANG_ENABLE_OBJC_ARC = YES;
				CLANG_WARN_BOOL_CONVERSION = YES;
				CLANG_WARN_CONSTANT_CONVERSION = YES;
				CLANG_WARN_DIRECT_OBJC_ISA_USAGE = YES_ERROR;
				CLANG_WARN_DOCUMENTATION_COMMENTS = YES;
				CLANG_WARN_EMPTY_BODY = YES;
				CLANG_WARN_ENUM_CONVERSION = YES;
				CLANG_WARN_INFINITE_RECURSION = YES;
				CLANG_WARN_INT_CONVERSION = YES;
				CLANG_WARN_OBJC_ROOT_CLASS = YES_ERROR;
				CLANG_WARN_SUSPICIOUS_MOVE = YES;
				CLANG_WARN_UNREACHABLE_CODE = YES;
				CLANG_WARN__DUPLICATE_METHOD_MATCH = YES;
				CODE_SIGN_IDENTITY = "-";
				COPY_PHASE_STRIP = NO;
				DEBUG_INFORMATION_FORMAT = dwarf;
				ENABLE_STRICT_OBJC_MSGSEND = YES;
				ENABLE_TESTABILITY = YES;
				GCC_C_LANGUAGE_STANDARD = gnu99;
				GCC_DYNAMIC_NO_PIC = NO;
				GCC_NO_COMMON_BLOCKS = YES;
				GCC_OPTIMIZATION_LEVEL = 0;
				GCC_PREPROCESSOR_DEFINITIONS = (
					"DEBUG=1",
					"$(inherited)",
				);
				GCC_WARN_64_TO_32_BIT_CONVERSION = YES;
				GCC_WARN_ABOUT_RETURN_TYPE = YES_ERROR;
				GCC_WARN_UNDECLARED_SELECTOR = YES;
				GCC_WARN_UNINITIALIZED_AUTOS = YES_AGGRESSIVE;
				GCC_WARN_UNUSED_FUNCTION = YES;
				GCC_WARN_UNUSED_VARIABLE = YES;
				HEADER_SEARCH_PATHS = "${SRCROOT}/../SFML/include";
				MACOSX_DEPLOYMENT_TARGET = 10.12;
				MTL_ENABLE_DEBUG_INFO = YES;
				ONLY_ACTIVE_ARCH = YES;
				SDKROOT = macosx;
			};
			name = Debug;
		};
		69735C8E1F9A3A7A00A94F91 /* Release */ = {
			isa = XCBuildConfiguration;
			buildSettings = {
				ALWAYS_SEARCH_USER_PATHS = NO;
				CLANG_ANALYZER_NONNULL = YES;
				CLANG_ANALYZER_NUMBER_OBJECT_CONVERSION = YES_AGGRESSIVE;
				CLANG_CXX_LANGUAGE_STANDARD = "gnu++0x";
				CLANG_CXX_LIBRARY = "libc++";
				CLANG_ENABLE_MODULES = YES;
				CLANG_ENABLE_OBJC_ARC = YES;
				CLANG_WARN_BOOL_CONVERSION = YES;
				CLANG_WARN_CONSTANT_CONVERSION = YES;
				CLANG_WARN_DIRECT_OBJC_ISA_USAGE = YES_ERROR;
				CLANG_WARN_DOCUMENTATION_COMMENTS = YES;
				CLANG_WARN_EMPTY_BODY = YES;
				CLANG_WARN_ENUM_CONVERSION = YES;
				CLANG_WARN_INFINITE_RECURSION = YES;
				CLANG_WARN_INT_CONVERSION = YES;
				CLANG_WARN_OBJC_ROOT_CLASS = YES_ERROR;
				CLANG_WARN_SUSPICIOUS_MOVE = YES;
				CLANG_WARN_UNREACHABLE_CODE = YES;
				CLANG_WARN__DUPLICATE_METHOD_MATCH = YES;
				CODE_SIGN_IDENTITY = "-";
				COPY_PHASE_STRIP = NO;
				DEBUG_INFORMATION_FORMAT = "dwarf-with-dsym";
				ENABLE_NS_ASSERTIONS = NO;
				ENABLE_STRICT_OBJC_MSGSEND = YES;
				GCC_C_LANGUAGE_STANDARD = gnu99;
				GCC_NO_COMMON_BLOCKS = YES;
				GCC_WARN_64_TO_32_BIT_CONVERSION = YES;
				GCC_WARN_ABOUT_RETURN_TYPE = YES_ERROR;
				GCC_WARN_UNDECLARED_SELECTOR = YES;
				GCC_WARN_UNINITIALIZED_AUTOS = YES_AGGRESSIVE;
				GCC_WARN_UNUSED_FUNCTION = YES;
				GCC_WARN_UNUSED_VARIABLE = YES;
				HEADER_SEARCH_PATHS = "${SRCROOT}/../SFML/include";
				MACOSX_DEPLOYMENT_TARGET = 10.12;
				MTL_ENABLE_DEBUG_INFO = NO;
				SDKROOT = macosx;
			};
			name = Release;
		};
		69735C901F9A3A7A00A94F91 /* Debug */ = {
			isa = XCBuildConfiguration;
			buildSettings = {
				DEVELOPMENT_TEAM = L64GF8Q5XJ;
				HEADER_SEARCH_PATHS = "${SRCROOT}/../SFML/include";
				LIBRARY_SEARCH_PATHS = (
					"$(inherited)",
					"$(PROJECT_DIR)/../SFML/lib",
				);
				PRODUCT_NAME = "$(TARGET_NAME)";
			};
			name = Debug;
		};
		69735C911F9A3A7A00A94F91 /* Release */ = {
			isa = XCBuildConfiguration;
			buildSettings = {
				DEVELOPMENT_TEAM = L64GF8Q5XJ;
				HEADER_SEARCH_PATHS = "${SRCROOT}/../SFML/include";
				LIBRARY_SEARCH_PATHS = (
					"$(inherited)",
					"$(PROJECT_DIR)/../SFML/lib",
				);
				PRODUCT_NAME = "$(TARGET_NAME)";
			};
			name = Release;
		};
/* End XCBuildConfiguration section */

/* Begin XCConfigurationList section */
		69735C831F9A3A7A00A94F91 /* Build configuration list for PBXProject "GameOfLife" */ = {
			isa = XCConfigurationList;
			buildConfigurations = (
				69735C8D1F9A3A7A00A94F91 /* Debug */,
				69735C8E1F9A3A7A00A94F91 /* Release */,
			);
			defaultConfigurationIsVisible = 0;
			defaultConfigurationName = Release;
		};
		69735C8F1F9A3A7A00A94F91 /* Build configuration list for PBXNativeTarget "GameOfLife" */ = {
			isa = XCConfigurationList;
			buildConfigurations = (
				69735C901F9A3A7A00A94F91 /* Debug */,
				69735C911F9A3A7A00A94F91 /* Release */,
			);
			defaultConfigurationIsVisible = 0;
			defaultConfigurationName = Release;
		};
/* End XCConfigurationList section */
	};
	rootObject = 69735C801F9A3A7A00A94F91 /* Project object */;
}
